# THIS IS AN AUTOGENERATED FILE. DO NOT EDIT THIS FILE DIRECTLY.
# yarn lockfile v1


"@babel/runtime-corejs2@^7.8.7":
  version "7.10.4"
  resolved "https://registry.yarnpkg.com/@babel/runtime-corejs2/-/runtime-corejs2-7.10.4.tgz#5d48ee239624d511c88208da86c27a161ee01cf7"
  integrity sha512-9sArmpZDQsnR1yyAcU51DxQrntWxt0LUKjPp3pIyo7kVLfaqKt8muppcT87QmFkXV5H50qXAF8JWOjk0jaXRYA==
  dependencies:
    core-js "^2.6.5"
    regenerator-runtime "^0.13.4"

"@react-native-community/slider@^3.0.0":
  version "3.0.0"
  resolved "https://registry.yarnpkg.com/@react-native-community/slider/-/slider-3.0.0.tgz#ffbf78689fc0572fb5c1e2ccb61b2ef074d3dcd2"
  integrity sha512-deNc3JHBHz24YN+0DTAocXfrYFIFc1DvsIriMJSsJlR/MvsLzoq2+qwaEN+0/LJ37pstv85wZWY0pNugk4e41g==

"@rjsf/core@^2.2.0":
  version "2.2.0"
  resolved "https://registry.yarnpkg.com/@rjsf/core/-/core-2.2.0.tgz#bedb20c51984769c0afe5c1932414a7f65f7cf31"
  integrity sha512-VJs+X0/mwgLZphPUJ6sxftCqrVwZE1dEcc8zpUcKXeGwL7HFDQ8N2JAbCT549Z/91bDQKOGXTde9yqcajN3Jaw==
  dependencies:
    "@babel/runtime-corejs2" "^7.8.7"
    "@types/json-schema" "^7.0.4"
    ajv "^6.7.0"
    core-js "^2.5.7"
    json-schema-merge-allof "^0.6.0"
    jsonpointer "^4.0.1"
    lodash "^4.17.15"
    prop-types "^15.7.2"
    react-app-polyfill "^1.0.4"
    react-is "^16.9.0"
    shortid "^2.2.14"

"@types/json-schema@^7.0.4":
  version "7.0.5"
  resolved "https://registry.yarnpkg.com/@types/json-schema/-/json-schema-7.0.5.tgz#dcce4430e64b443ba8945f0290fb564ad5bac6dd"
  integrity sha512-7+2BITlgjgDhH0vvwZU/HZJVyk+2XUlvxXe8dFMedNX/aMkaOq++rMAFXc0tM7ij15QaWlbdQASBR9dihi+bDQ==

"@types/prop-types@*":
  version "15.7.3"
  resolved "https://registry.yarnpkg.com/@types/prop-types/-/prop-types-15.7.3.tgz#2ab0d5da2e5815f94b0b9d4b95d1e5f243ab2ca7"
  integrity sha512-KfRL3PuHmqQLOG+2tGpRO26Ctg+Cq1E01D2DMriKEATHgWLfeNDmq9e29Q9WIky0dQ3NPkd1mzYH8Lm936Z9qw==

"@types/react-native@^0.62.16":
  version "0.62.16"
  resolved "https://registry.yarnpkg.com/@types/react-native/-/react-native-0.62.16.tgz#17b05b37482c70126055172e57f5eb110cff7087"
  integrity sha512-0f5MF4zzqZpZpDmwTmGS0Pd206k2K3rsVjaz0/iuBPZkpWC9r8+/A6WvTTJXgfP2mhRUcMfAqEY0iyz7Xk75qw==
  dependencies:
    "@types/react" "*"

"@types/react@*", "@types/react@^16.9.41":
  version "16.9.41"
  resolved "https://registry.yarnpkg.com/@types/react/-/react-16.9.41.tgz#925137ee4d2ff406a0ecf29e8e9237390844002e"
  integrity sha512-6cFei7F7L4wwuM+IND/Q2cV1koQUvJ8iSV+Gwn0c3kvABZ691g7sp3hfEQHOUBJtccl1gPi+EyNjMIl9nGA0ug==
  dependencies:
    "@types/prop-types" "*"
    csstype "^2.2.0"

ajv@^6.7.0:
  version "6.12.3"
  resolved "https://registry.yarnpkg.com/ajv/-/ajv-6.12.3.tgz#18c5af38a111ddeb4f2697bd78d68abc1cabd706"
  integrity sha512-4K0cK3L1hsqk9xIb2z9vs/XU+PGJZ9PNpJRDS9YLzmNdX6jmVPfamLvTJr0aDAusnHyCHO6MjzlkAsgtqp9teA==
  dependencies:
    fast-deep-equal "^3.1.1"
    fast-json-stable-stringify "^2.0.0"
    json-schema-traverse "^0.4.1"
    uri-js "^4.2.2"

asap@~2.0.6:
  version "2.0.6"
  resolved "https://registry.yarnpkg.com/asap/-/asap-2.0.6.tgz#e50347611d7e690943208bbdafebcbc2fb866d46"
  integrity sha1-5QNHYR1+aQlDIIu9r+vLwvuGbUY=

balanced-match@^1.0.0:
  version "1.0.0"
  resolved "https://registry.yarnpkg.com/balanced-match/-/balanced-match-1.0.0.tgz#89b4d199ab2bee49de164ea02b89ce462d71b767"
  integrity sha1-ibTRmasr7kneFk6gK4nORi1xt2c=

brace-expansion@^1.1.7:
  version "1.1.11"
  resolved "https://registry.yarnpkg.com/brace-expansion/-/brace-expansion-1.1.11.tgz#3c7fcbf529d87226f3d2f52b966ff5271eb441dd"
  integrity sha512-iCuPHDFgrHX7H2vEI/5xpz07zSHB00TpugqhmYtVmMO6518mCuRMoOYFldEBl0g187ufozdaHgWKcYFb61qGiA==
  dependencies:
    balanced-match "^1.0.0"
    concat-map "0.0.1"

compute-gcd@^1.2.0:
  version "1.2.0"
  resolved "https://registry.yarnpkg.com/compute-gcd/-/compute-gcd-1.2.0.tgz#fc1ede5b65001e950226502f46543863e4fea10e"
  integrity sha1-/B7eW2UAHpUCJlAvRlQ4Y+T+oQ4=
  dependencies:
    validate.io-array "^1.0.3"
    validate.io-function "^1.0.2"
    validate.io-integer-array "^1.0.0"

compute-lcm@^1.1.0:
  version "1.1.0"
  resolved "https://registry.yarnpkg.com/compute-lcm/-/compute-lcm-1.1.0.tgz#abd96d040b41b0a166f89944b5c8b7c511e21ad5"
  integrity sha1-q9ltBAtBsKFm+JlEtci3xRHiGtU=
  dependencies:
    compute-gcd "^1.2.0"
    validate.io-array "^1.0.3"
    validate.io-function "^1.0.2"
    validate.io-integer-array "^1.0.0"

concat-map@0.0.1:
  version "0.0.1"
  resolved "https://registry.yarnpkg.com/concat-map/-/concat-map-0.0.1.tgz#d8a96bd77fd68df7793a73036a3ba0d5405d477b"
  integrity sha1-2Klr13/Wjfd5OnMDajug1UBdR3s=

core-js@^2.5.7, core-js@^2.6.5:
  version "2.6.11"
  resolved "https://registry.yarnpkg.com/core-js/-/core-js-2.6.11.tgz#38831469f9922bded8ee21c9dc46985e0399308c"
  integrity sha512-5wjnpaT/3dV+XB4borEsnAYQchn00XSgTAWKDkEqv+K8KevjbzmofK6hfJ9TZIlpj2N0xQpazy7PiRQiWHqzWg==

core-js@^3.5.0:
  version "3.6.5"
  resolved "https://registry.yarnpkg.com/core-js/-/core-js-3.6.5.tgz#7395dc273af37fb2e50e9bd3d9fe841285231d1a"
  integrity sha512-vZVEEwZoIsI+vPEuoF9Iqf5H7/M3eeQqWlQnYa8FSKKePuYTf5MWnxb5SDAzCa60b3JBRS5g9b+Dq7b1y/RCrA==

csstype@^2.2.0:
  version "2.6.11"
  resolved "https://registry.yarnpkg.com/csstype/-/csstype-2.6.11.tgz#452f4d024149ecf260a852b025e36562a253ffc5"
  integrity sha512-l8YyEC9NBkSm783PFTvh0FmJy7s5pFKrDp49ZL7zBGX3fWkO+N4EEyan1qqp8cwPLDcD0OSdyY6hAMoxp34JFw==

fast-deep-equal@^3.1.1:
  version "3.1.3"
  resolved "https://registry.yarnpkg.com/fast-deep-equal/-/fast-deep-equal-3.1.3.tgz#3a7d56b559d6cbc3eb512325244e619a65c6c525"
  integrity sha512-f3qQ9oQy9j2AhBe/H9VC91wLmKBCCU/gDOnKNAYG5hswO7BLKj09Hc5HYNz9cGI++xlpDCIgDaitVs03ATR84Q==

fast-json-stable-stringify@^2.0.0:
  version "2.1.0"
  resolved "https://registry.yarnpkg.com/fast-json-stable-stringify/-/fast-json-stable-stringify-2.1.0.tgz#874bf69c6f404c2b5d99c481341399fd55892633"
  integrity sha512-lhd/wF+Lk98HZoTCtlVraHtfh5XYijIjalXck7saUtuanSDyLMxnHhSXEDJqHxD7msR8D0uCmqlkwjCV8xvwHw==

fs.realpath@^1.0.0:
  version "1.0.0"
  resolved "https://registry.yarnpkg.com/fs.realpath/-/fs.realpath-1.0.0.tgz#1504ad2523158caa40db4a2787cb01411994ea4f"
  integrity sha1-FQStJSMVjKpA20onh8sBQRmU6k8=

glob@^7.1.3:
  version "7.1.6"
  resolved "https://registry.yarnpkg.com/glob/-/glob-7.1.6.tgz#141f33b81a7c2492e125594307480c46679278a6"
  integrity sha512-LwaxwyZ72Lk7vZINtNNrywX0ZuLyStrdDtabefZKAY5ZGJhVtgdznluResxNmPitE0SAO+O26sWTHeKSI2wMBA==
  dependencies:
    fs.realpath "^1.0.0"
    inflight "^1.0.4"
    inherits "2"
    minimatch "^3.0.4"
    once "^1.3.0"
    path-is-absolute "^1.0.0"

inflight@^1.0.4:
  version "1.0.6"
  resolved "https://registry.yarnpkg.com/inflight/-/inflight-1.0.6.tgz#49bd6331d7d02d0c09bc910a1075ba8165b56df9"
  integrity sha1-Sb1jMdfQLQwJvJEKEHW6gWW1bfk=
  dependencies:
    once "^1.3.0"
    wrappy "1"

inherits@2:
  version "2.0.4"
  resolved "https://registry.yarnpkg.com/inherits/-/inherits-2.0.4.tgz#0fa2c64f932917c3433a0ded55363aae37416b7c"
  integrity sha512-k/vGaX4/Yla3WzyMCvTQOXYeIHvqOKtnqBduzTHpzpQZzAskKMhZ2K+EnBiSM9zGSoIFeMpXKxa4dYeZIQqewQ==

"js-tokens@^3.0.0 || ^4.0.0":
  version "4.0.0"
  resolved "https://registry.yarnpkg.com/js-tokens/-/js-tokens-4.0.0.tgz#19203fb59991df98e3a287050d4647cdeaf32499"
  integrity sha512-RdJUflcE3cUzKiMqQgsCu06FPu9UdIJO0beYbPhHN4k6apgJtifcoCtT9bcxOpYBtpD2kCM6Sbzg4CausW/PKQ==

json-schema-compare@^0.2.2:
  version "0.2.2"
  resolved "https://registry.yarnpkg.com/json-schema-compare/-/json-schema-compare-0.2.2.tgz#dd601508335a90c7f4cfadb6b2e397225c908e56"
  integrity sha512-c4WYmDKyJXhs7WWvAWm3uIYnfyWFoIp+JEoX34rctVvEkMYCPGhXtvmFFXiffBbxfZsvQ0RNnV5H7GvDF5HCqQ==
  dependencies:
    lodash "^4.17.4"

json-schema-merge-allof@^0.6.0:
  version "0.6.0"
  resolved "https://registry.yarnpkg.com/json-schema-merge-allof/-/json-schema-merge-allof-0.6.0.tgz#64d48820fec26b228db837475ce3338936bf59a5"
  integrity sha512-LEw4VMQVRceOPLuGRWcxW5orTTiR9ZAtqTAe4rQUjNADTeR81bezBVFa0MqIwp0YmHIM1KkhSjZM7o+IQhaPbQ==
  dependencies:
    compute-lcm "^1.1.0"
    json-schema-compare "^0.2.2"
    lodash "^4.17.4"

json-schema-traverse@^0.4.1:
  version "0.4.1"
  resolved "https://registry.yarnpkg.com/json-schema-traverse/-/json-schema-traverse-0.4.1.tgz#69f6a87d9513ab8bb8fe63bdb0979c448e684660"
  integrity sha512-xbbCH5dCYU5T8LcEhhuh7HJ88HXuW3qsI3Y0zOZFKfZEHcpWiHU/Jxzk629Brsab/mMiHQti9wMP+845RPe3Vg==

jsonpointer@^4.0.1:
  version "4.1.0"
  resolved "https://registry.yarnpkg.com/jsonpointer/-/jsonpointer-4.1.0.tgz#501fb89986a2389765ba09e6053299ceb4f2c2cc"
  integrity sha512-CXcRvMyTlnR53xMcKnuMzfCA5i/nfblTnnr74CZb6C4vG39eu6w51t7nKmU5MfLfbTgGItliNyjO/ciNPDqClg==

lodash@^4.17.15, lodash@^4.17.4:
  version "4.17.15"
  resolved "https://registry.yarnpkg.com/lodash/-/lodash-4.17.15.tgz#b447f6670a0455bbfeedd11392eff330ea097548"
  integrity sha512-8xOcRHvCjnocdS5cpwXQXVzmmh5e5+saE2QGoeQmbKmRS6J3VQppPOIt0MnmE+4xlZoumy0GPG0D0MVIQbNA1A==

loose-envify@^1.4.0:
  version "1.4.0"
  resolved "https://registry.yarnpkg.com/loose-envify/-/loose-envify-1.4.0.tgz#71ee51fa7be4caec1a63839f7e682d8132d30caf"
  integrity sha512-lyuxPGr/Wfhrlem2CL/UcnUc1zcqKAImBDzukY7Y5F/yQiNdko6+fRLevlw1HgMySw7f611UIY408EtxRSoK3Q==
  dependencies:
    js-tokens "^3.0.0 || ^4.0.0"

minimatch@^3.0.4:
  version "3.0.4"
  resolved "https://registry.yarnpkg.com/minimatch/-/minimatch-3.0.4.tgz#5166e286457f03306064be5497e8dbb0c3d32083"
  integrity sha512-yJHVQEhyqPLUTgt9B83PXu6W3rx4MvvHvSUvToogpwoGDOUQ+yDrR0HRot+yOCdCO7u4hX3pWft6kWBBcqh0UA==
  dependencies:
    brace-expansion "^1.1.7"

nanoid@^2.1.0:
  version "2.1.11"
  resolved "https://registry.yarnpkg.com/nanoid/-/nanoid-2.1.11.tgz#ec24b8a758d591561531b4176a01e3ab4f0f0280"
  integrity sha512-s/snB+WGm6uwi0WjsZdaVcuf3KJXlfGl2LcxgwkEwJF0D/BWzVWAZW/XY4bFaiR7s0Jk3FPvlnepg1H1b1UwlA==

object-assign@^4.1.1:
  version "4.1.1"
  resolved "https://registry.yarnpkg.com/object-assign/-/object-assign-4.1.1.tgz#2109adc7965887cfc05cbbd442cac8bfbb360863"
  integrity sha1-IQmtx5ZYh8/AXLvUQsrIv7s2CGM=

once@^1.3.0:
  version "1.4.0"
  resolved "https://registry.yarnpkg.com/once/-/once-1.4.0.tgz#583b1aa775961d4b113ac17d9c50baef9dd76bd1"
  integrity sha1-WDsap3WWHUsROsF9nFC6753Xa9E=
  dependencies:
    wrappy "1"

path-is-absolute@^1.0.0:
  version "1.0.1"
  resolved "https://registry.yarnpkg.com/path-is-absolute/-/path-is-absolute-1.0.1.tgz#174b9268735534ffbc7ace6bf53a5a9e1b5c5f5f"
  integrity sha1-F0uSaHNVNP+8es5r9TpanhtcX18=

performance-now@^2.1.0:
  version "2.1.0"
  resolved "https://registry.yarnpkg.com/performance-now/-/performance-now-2.1.0.tgz#6309f4e0e5fa913ec1c69307ae364b4b377c9e7b"
  integrity sha1-Ywn04OX6kT7BxpMHrjZLSzd8nns=

promise@^8.0.3:
  version "8.1.0"
  resolved "https://registry.yarnpkg.com/promise/-/promise-8.1.0.tgz#697c25c3dfe7435dd79fcd58c38a135888eaf05e"
  integrity sha512-W04AqnILOL/sPRXziNicCjSNRruLAuIHEOVBazepu0545DDNGYHz7ar9ZgZ1fMU8/MA4mVxp5rkBWRi6OXIy3Q==
  dependencies:
    asap "~2.0.6"

prop-types@^15.7.2:
  version "15.7.2"
  resolved "https://registry.yarnpkg.com/prop-types/-/prop-types-15.7.2.tgz#52c41e75b8c87e72b9d9360e0206b99dcbffa6c5"
  integrity sha512-8QQikdH7//R2vurIJSutZ1smHYTcLpRWEOlHnzcWHmBYrOGUysKwSsrC89BCiFj3CbrfJ/nXFdJepOVrY1GCHQ==
  dependencies:
    loose-envify "^1.4.0"
    object-assign "^4.1.1"
    react-is "^16.8.1"

punycode@^2.1.0:
  version "2.1.1"
  resolved "https://registry.yarnpkg.com/punycode/-/punycode-2.1.1.tgz#b58b010ac40c22c5657616c8d2c2c02c7bf479ec"
  integrity sha512-XRsRjdf+j5ml+y/6GKHPZbrF/8p2Yga0JPtdqTIY2Xe5ohJPD9saDJJLPvp9+NSBprVvevdXZybnj2cv8OEd0A==

raf@^3.4.1:
  version "3.4.1"
  resolved "https://registry.yarnpkg.com/raf/-/raf-3.4.1.tgz#0742e99a4a6552f445d73e3ee0328af0ff1ede39"
  integrity sha512-Sq4CW4QhwOHE8ucn6J34MqtZCeWFP2aQSmrlroYgqAV1PjStIhJXxYuTgUIfkEk7zTLjmIjLmU5q+fbD1NnOJA==
  dependencies:
    performance-now "^2.1.0"

react-app-polyfill@^1.0.4:
  version "1.0.6"
  resolved "https://registry.yarnpkg.com/react-app-polyfill/-/react-app-polyfill-1.0.6.tgz#890f8d7f2842ce6073f030b117de9130a5f385f0"
  integrity sha512-OfBnObtnGgLGfweORmdZbyEz+3dgVePQBb3zipiaDsMHV1NpWm0rDFYIVXFV/AK+x4VIIfWHhrdMIeoTLyRr2g==
  dependencies:
    core-js "^3.5.0"
    object-assign "^4.1.1"
    promise "^8.0.3"
    raf "^3.4.1"
    regenerator-runtime "^0.13.3"
    whatwg-fetch "^3.0.0"

react-is@^16.8.1, react-is@^16.9.0:
  version "16.13.1"
  resolved "https://registry.yarnpkg.com/react-is/-/react-is-16.13.1.tgz#789729a4dc36de2999dc156dd6c1d9c18cea56a4"
  integrity sha512-24e6ynE2H+OKt4kqsOvNd8kBpV65zoxbA4BVsEOB3ARVWQki/DHzaUoC5KuON/BiccDaCCTZBuOcfZs70kR8bQ==

regenerator-runtime@^0.13.3, regenerator-runtime@^0.13.4:
  version "0.13.5"
  resolved "https://registry.yarnpkg.com/regenerator-runtime/-/regenerator-runtime-0.13.5.tgz#d878a1d094b4306d10b9096484b33ebd55e26697"
  integrity sha512-ZS5w8CpKFinUzOwW3c83oPeVXoNsrLsaCoLtJvAClH135j/R77RuymhiSErhm2lKcwSCIpmvIWSbDkIfAqKQlA==

rimraf@^3.0.2:
  version "3.0.2"
  resolved "https://registry.yarnpkg.com/rimraf/-/rimraf-3.0.2.tgz#f1a5402ba6220ad52cc1282bac1ae3aa49fd061a"
  integrity sha512-JZkJMZkAGFFPP2YqXZXPbMlMBgsxzE8ILs4lMIX/2o0L9UBw9O/Y3o6wFw/i9YLapcUJWwqbi3kdxIPdC62TIA==
  dependencies:
    glob "^7.1.3"

shortid@^2.2.14:
  version "2.2.15"
  resolved "https://registry.yarnpkg.com/shortid/-/shortid-2.2.15.tgz#2b902eaa93a69b11120373cd42a1f1fe4437c122"
  integrity sha512-5EaCy2mx2Jgc/Fdn9uuDuNIIfWBpzY4XIlhoqtXF6qsf+/+SGZ+FxDdX/ZsMZiWupIWNqAEmiNY4RC+LSmCeOw==
  dependencies:
    nanoid "^2.1.0"

typescript@^3.8.3:
  version "3.9.5"
  resolved "https://registry.yarnpkg.com/typescript/-/typescript-3.9.5.tgz#586f0dba300cde8be52dd1ac4f7e1009c1b13f36"
  integrity sha512-hSAifV3k+i6lEoCJ2k6R2Z/rp/H3+8sdmcn5NrS3/3kE7+RyZXm9aqvxWqjEXHAd8b0pShatpcdMTvEdvAJltQ==

uri-js@^4.2.2:
  version "4.2.2"
  resolved "https://registry.yarnpkg.com/uri-js/-/uri-js-4.2.2.tgz#94c540e1ff772956e2299507c010aea6c8838eb0"
  integrity sha512-KY9Frmirql91X2Qgjry0Wd4Y+YTdrdZheS8TFwvkbLWf/G5KNJDCh6pKL5OZctEW4+0Baa5idK2ZQuELRwPznQ==
  dependencies:
    punycode "^2.1.0"

validate.io-array@^1.0.3:
  version "1.0.6"
  resolved "https://registry.yarnpkg.com/validate.io-array/-/validate.io-array-1.0.6.tgz#5b5a2cafd8f8b85abb2f886ba153f2d93a27774d"
  integrity sha1-W1osr9j4uFq7L4hroVPy2Tond00=

validate.io-function@^1.0.2:
  version "1.0.2"
  resolved "https://registry.yarnpkg.com/validate.io-function/-/validate.io-function-1.0.2.tgz#343a19802ed3b1968269c780e558e93411c0bad7"
  integrity sha1-NDoZgC7TsZaCaceA5VjpNBHAutc=

validate.io-integer-array@^1.0.0:
  version "1.0.0"
  resolved "https://registry.yarnpkg.com/validate.io-integer-array/-/validate.io-integer-array-1.0.0.tgz#2cabde033293a6bcbe063feafe91eaf46b13a089"
  integrity sha1-LKveAzKTpry+Bj/q/pHq9GsToIk=
  dependencies:
    validate.io-array "^1.0.3"
    validate.io-integer "^1.0.4"

validate.io-integer@^1.0.4:
  version "1.0.5"
  resolved "https://registry.yarnpkg.com/validate.io-integer/-/validate.io-integer-1.0.5.tgz#168496480b95be2247ec443f2233de4f89878068"
  integrity sha1-FoSWSAuVviJH7EQ/IjPeT4mHgGg=
  dependencies:
    validate.io-number "^1.0.3"

validate.io-number@^1.0.3:
  version "1.0.3"
  resolved "https://registry.yarnpkg.com/validate.io-number/-/validate.io-number-1.0.3.tgz#f63ffeda248bf28a67a8d48e0e3b461a1665baf8"
  integrity sha1-9j/+2iSL8opnqNSODjtGGhZluvg=

whatwg-fetch@^3.0.0:
  version "3.1.0"
  resolved "https://registry.yarnpkg.com/whatwg-fetch/-/whatwg-fetch-3.1.0.tgz#49d630cdfa308dba7f2819d49d09364f540dbcc6"
  integrity sha512-pgmbsVWKpH9GxLXZmtdowDIqtb/rvPyjjQv3z9wLcmgWKFHilKnZD3ldgrOlwJoPGOUluQsRPWd52yVkPfmI1A==

wrappy@1:
  version "1.0.2"
  resolved "https://registry.yarnpkg.com/wrappy/-/wrappy-1.0.2.tgz#b5243d8f3ec1aa35f1364605bc0d1036e30ab69f"
  integrity sha1-tSQ9jz7BqjXxNkYFvA0QNuMKtp8=
